// !$*UTF8*$!
{
	archiveVersion = 1;
	classes = {
	};
	objectVersion = 77;
	objects = {

/* Begin PBXContainerItemProxy section */
		ABCDEF0123456789ABCD001A /* PBXContainerItemProxy */ = {
			isa = PBXContainerItemProxy;
			containerPortal = ABCDEF0123456789ABCD0001 /* Project object */;
			proxyType = 1;
			remoteGlobalIDString = ABCDEF0123456789ABCD0008;
			remoteInfo = Astra;
		};
		ABCDEF0123456789ABCD002C /* PBXContainerItemProxy */ = {
			isa = PBXContainerItemProxy;
			containerPortal = ABCDEF0123456789ABCD0001 /* Project object */;
			proxyType = 1;
			remoteGlobalIDString = ABCDEF0123456789ABCD0023;
			remoteInfo = AstraWidget;
		};
/* End PBXContainerItemProxy section */

/* Begin PBXBuildFile section */
		ABCDEF0123456789ABCD002D /* AstraWidget.appex in Embed Foundation Extensions */ = {isa = PBXBuildFile; fileRef = ABCDEF0123456789ABCD0022 /* AstraWidget.appex */; settings = {ATTRIBUTES = (RemoveHeadersOnCopy, ); }; };
/* End PBXBuildFile section */

/* Begin PBXCopyFilesBuildPhase section */
		ABCDEF0123456789ABCD002A /* Embed Foundation Extensions */ = {
			isa = PBXCopyFilesBuildPhase;
			buildActionMask = 2147483647;
			dstPath = "";
			dstSubfolderSpec = 13;
			files = (
				ABCDEF0123456789ABCD002D /* AstraWidget.appex in Embed Foundation Extensions */,
			);
			name = "Embed Foundation Extensions";
			runOnlyForDeploymentPostprocessing = 0;
		};
/* End PBXCopyFilesBuildPhase section */

/* Begin PBXFileReference section */
		ABCDEF0123456789ABCD0006 /* Astra.app */ = {isa = PBXFileReference; explicitFileType = wrapper.application; includeInIndex = 0; path = Astra.app; sourceTree = BUILT_PRODUCTS_DIR; };
		ABCDEF0123456789ABCD0007 /* AstraTests.xctest */ = {isa = PBXFileReference; explicitFileType = wrapper.cfbundle; includeInIndex = 0; path = AstraTests.xctest; sourceTree = BUILT_PRODUCTS_DIR; };
		ABCDEF0123456789ABCD0022 /* AstraWidget.appex */ = {isa = PBXFileReference; explicitFileType = "wrapper.app-extension"; includeInIndex = 0; path = AstraWidget.appex; sourceTree = BUILT_PRODUCTS_DIR; };
/* End PBXFileReference section */

/* Begin PBXFileSystemSynchronizedRootGroup section */
		ABCDEF0123456789ABCD0004 /* Astra */ = {
			isa = PBXFileSystemSynchronizedRootGroup;
			path = Astra;
			sourceTree = "<group>";
		};
		ABCDEF0123456789ABCD0005 /* AstraTests */ = {
			isa = PBXFileSystemSynchronizedRootGroup;
			path = AstraTests;
			sourceTree = "<group>";
		};
		ABCDEF0123456789ABCD0020 /* Shared */ = {
			isa = PBXFileSystemSynchronizedRootGroup;
			path = Shared;
			sourceTree = "<group>";
		};
		ABCDEF0123456789ABCD0021 /* AstraWidget */ = {
			isa = PBXFileSystemSynchronizedRootGroup;
			path = AstraWidget;
			sourceTree = "<group>";
		};
/* End PBXFileSystemSynchronizedRootGroup section */

/* Begin PBXFrameworksBuildPhase section */
		ABCDEF0123456789ABCD000B /* Frameworks */ = {
			isa = PBXFrameworksBuildPhase;
			buildActionMask = 2147483647;
			files = (
			);
			runOnlyForDeploymentPostprocessing = 0;
		};
		ABCDEF0123456789ABCD000E /* Frameworks */ = {
			isa = PBXFrameworksBuildPhase;
			buildActionMask = 2147483647;
			files = (
			);
			runOnlyForDeploymentPostprocessing = 0;
		};
		ABCDEF0123456789ABCD0025 /* Frameworks */ = {
			isa = PBXFrameworksBuildPhase;
			buildActionMask = 2147483647;
			files = (
			);
			runOnlyForDeploymentPostprocessing = 0;
		};
/* End PBXFrameworksBuildPhase section */

/* Begin PBXGroup section */
		ABCDEF0123456789ABCD0002 = {
			isa = PBXGroup;
			children = (
				ABCDEF0123456789ABCD0020 /* Shared */,
				ABCDEF0123456789ABCD0004 /* Astra */,
				ABCDEF0123456789ABCD0021 /* AstraWidget */,
				ABCDEF0123456789ABCD0005 /* AstraTests */,
				ABCDEF0123456789ABCD0003 /* Products */,
			);
			sourceTree = "<group>";
		};
		ABCDEF0123456789ABCD0003 /* Products */ = {
			isa = PBXGroup;
			children = (
				ABCDEF0123456789ABCD0006 /* Astra.app */,
				ABCDEF0123456789ABCD0022 /* AstraWidget.appex */,
				ABCDEF0123456789ABCD0007 /* AstraTests.xctest */,
			);
			name = Products;
			sourceTree = "<group>";
		};
/* End PBXGroup section */

/* Begin PBXNativeTarget section */
		ABCDEF0123456789ABCD0008 /* Astra */ = {
			isa = PBXNativeTarget;
			buildConfigurationList = ABCDEF0123456789ABCD0013 /* Build configuration list for PBXNativeTarget "Astra" */;
			buildPhases = (
				ABCDEF0123456789ABCD000A /* Sources */,
				ABCDEF0123456789ABCD000B /* Frameworks */,
				ABCDEF0123456789ABCD000C /* Resources */,
				ABCDEF0123456789ABCD002A /* Embed Foundation Extensions */,
			);
			buildRules = (
			);
			dependencies = (
				ABCDEF0123456789ABCD002B /* PBXTargetDependency */,
			);
			fileSystemSynchronizedGroups = (
				ABCDEF0123456789ABCD0020 /* Shared */,
				ABCDEF0123456789ABCD0004 /* Astra */,
			);
			name = Astra;
			productName = Astra;
			productReference = ABCDEF0123456789ABCD0006 /* Astra.app */;
			productType = "com.apple.product-type.application";
		};
		ABCDEF0123456789ABCD0023 /* AstraWidget */ = {
			isa = PBXNativeTarget;
			buildConfigurationList = ABCDEF0123456789ABCD0027 /* Build configuration list for PBXNativeTarget "AstraWidget" */;
			buildPhases = (
				ABCDEF0123456789ABCD0024 /* Sources */,
				ABCDEF0123456789ABCD0025 /* Frameworks */,
				ABCDEF0123456789ABCD0026 /* Resources */,
			);
			buildRules = (
			);
			dependencies = (
			);
			fileSystemSynchronizedGroups = (
				ABCDEF0123456789ABCD0020 /* Shared */,
				ABCDEF0123456789ABCD0021 /* AstraWidget */,
			);
			name = AstraWidget;
			productName = AstraWidget;
			productReference = ABCDEF0123456789ABCD0022 /* AstraWidget.appex */;
			productType = "com.apple.product-type.app-extension";
		};
		ABCDEF0123456789ABCD0009 /* AstraTests */ = {
			isa = PBXNativeTarget;
			buildConfigurationList = ABCDEF0123456789ABCD0016 /* Build configuration list for PBXNativeTarget "AstraTests" */;
			buildPhases = (
				ABCDEF0123456789ABCD000D /* Sources */,
				ABCDEF0123456789ABCD000E /* Frameworks */,
				ABCDEF0123456789ABCD000F /* Resources */,
			);
			buildRules = (
			);
			dependencies = (
				ABCDEF0123456789ABCD0019 /* PBXTargetDependency */,
			);
			fileSystemSynchronizedGroups = (
				ABCDEF0123456789ABCD0020 /* Shared */,
				ABCDEF0123456789ABCD0005 /* AstraTests */,
			);
			name = AstraTests;
			productName = AstraTests;
			productReference = ABCDEF0123456789ABCD0007 /* AstraTests.xctest */;
			productType = "com.apple.product-type.bundle.unit-test";
		};
/* End PBXNativeTarget section */

/* Begin PBXProject section */
		ABCDEF0123456789ABCD0001 /* Project object */ = {
			isa = PBXProject;
			attributes = {
				BuildIndependentTargetsInParallel = 1;
				LastSwiftUpdateCheck = 2640;
				LastUpgradeCheck = 2640;
				TargetAttributes = {
					ABCDEF0123456789ABCD0008 = {
						CreatedOnToolsVersion = 26.4;
					};
					ABCDEF0123456789ABCD0009 = {
						CreatedOnToolsVersion = 26.4;
						TestTargetID = ABCDEF0123456789ABCD0008;
					};
					ABCDEF0123456789ABCD0023 = {
						CreatedOnToolsVersion = 26.4;
					};
				};
			};
			buildConfigurationList = ABCDEF0123456789ABCD0010 /* Build configuration list for PBXProject "Astra" */;
			developmentRegion = en;
			hasScannedForEncodings = 0;
			knownRegions = (
				en,
				Base,
			);
			mainGroup = ABCDEF0123456789ABCD0002;
			minimizedProjectReferenceProxies = 1;
			preferredProjectObjectVersion = 77;
			productRefGroup = ABCDEF0123456789ABCD0003 /* Products */;
			projectDirPath = "";
			projectRoot = "";
			targets = (
				ABCDEF0123456789ABCD0008 /* Astra */,
				ABCDEF0123456789ABCD0023 /* AstraWidget */,
				ABCDEF0123456789ABCD0009 /* AstraTests */,
			);
		};
/* End PBXProject section */

/* Begin PBXResourcesBuildPhase section */
		ABCDEF0123456789ABCD000C /* Resources */ = {
			isa = PBXResourcesBuildPhase;
			buildActionMask = 2147483647;
			files = (
			);
			runOnlyForDeploymentPostprocessing = 0;
		};
		ABCDEF0123456789ABCD000F /* Resources */ = {
			isa = PBXResourcesBuildPhase;
			buildActionMask = 2147483647;
			files = (
			);
			runOnlyForDeploymentPostprocessing = 0;
		};
		ABCDEF0123456789ABCD0026 /* Resources */ = {
			isa = PBXResourcesBuildPhase;
			buildActionMask = 2147483647;
			files = (
			);
			runOnlyForDeploymentPostprocessing = 0;
		};
/* End PBXResourcesBuildPhase section */

/* Begin PBXSourcesBuildPhase section */
		ABCDEF0123456789ABCD000A /* Sources */ = {
			isa = PBXSourcesBuildPhase;
			buildActionMask = 2147483647;
			files = (
			);
			runOnlyForDeploymentPostprocessing = 0;
		};
		ABCDEF0123456789ABCD000D /* Sources */ = {
			isa = PBXSourcesBuildPhase;
			buildActionMask = 2147483647;
			files = (
			);
			runOnlyForDeploymentPostprocessing = 0;
		};
		ABCDEF0123456789ABCD0024 /* Sources */ = {
			isa = PBXSourcesBuildPhase;
			buildActionMask = 2147483647;
			files = (
			);
			runOnlyForDeploymentPostprocessing = 0;
		};
/* End PBXSourcesBuildPhase section */

/* Begin PBXTargetDependency section */
		ABCDEF0123456789ABCD002B /* PBXTargetDependency */ = {
			isa = PBXTargetDependency;
			target = ABCDEF0123456789ABCD0023 /* AstraWidget */;
			targetProxy = ABCDEF0123456789ABCD002C /* PBXContainerItemProxy */;
		};
		ABCDEF0123456789ABCD0019 /* PBXTargetDependency */ = {
			isa = PBXTargetDependency;
			target = ABCDEF0123456789ABCD0008 /* Astra */;
			targetProxy = ABCDEF0123456789ABCD001A /* PBXContainerItemProxy */;
		};
/* End PBXTargetDependency section */

/* Begin XCBuildConfiguration section */
		ABCDEF0123456789ABCD0011 /* Debug */ = {
			isa = XCBuildConfiguration;
			buildSettings = {
				ALWAYS_SEARCH_USER_PATHS = NO;
				ASSETCATALOG_COMPILER_GENERATE_ASSET_SYMBOL_EXTENSIONS = YES;
				ASSETCATALOG_COMPILER_GENERATE_ASSET_SYMBOL_FRAMEWORKS = SwiftUI;
				CLANG_ANALYZER_NONNULL = YES;
				CLANG_ENABLE_MODULES = YES;
				CLANG_ENABLE_OBJC_ARC = YES;
				COPY_PHASE_STRIP = NO;
				DEBUG_INFORMATION_FORMAT = dwarf;
				ENABLE_STRICT_OBJC_MSGSEND = YES;
				ENABLE_TESTABILITY = YES;
				ENABLE_USER_SCRIPT_SANDBOXING = YES;
				GCC_C_LANGUAGE_STANDARD = gnu17;
				GCC_DYNAMIC_NO_PIC = NO;
				GCC_NO_COMMON_BLOCKS = YES;
				GCC_OPTIMIZATION_LEVEL = 0;
				GCC_PREPROCESSOR_DEFINITIONS = (
					"DEBUG=1",
					"$(inherited)",
				);
				IPHONEOS_DEPLOYMENT_TARGET = 26.4;
				MTL_ENABLE_DEBUG_INFO = INCLUDE_SOURCE;
				MTL_FAST_MATH = YES;
				ONLY_ACTIVE_ARCH = YES;
				SDKROOT = iphoneos;
				SWIFT_ACTIVE_COMPILATION_CONDITIONS = "DEBUG $(inherited)";
				SWIFT_OPTIMIZATION_LEVEL = "-Onone";
				SWIFT_VERSION = 5.0;
			};
			name = Debug;
		};
		ABCDEF0123456789ABCD0012 /* Release */ = {
			isa = XCBuildConfiguration;
			buildSettings = {
				ALWAYS_SEARCH_USER_PATHS = NO;
				ASSETCATALOG_COMPILER_GENERATE_ASSET_SYMBOL_EXTENSIONS = YES;
				ASSETCATALOG_COMPILER_GENERATE_ASSET_SYMBOL_FRAMEWORKS = SwiftUI;
				CLANG_ANALYZER_NONNULL = YES;
				CLANG_ENABLE_MODULES = YES;
				CLANG_ENABLE_OBJC_ARC = YES;
				COPY_PHASE_STRIP = NO;
				DEBUG_INFORMATION_FORMAT = "dwarf-with-dsym";
				ENABLE_NS_ASSERTIONS = NO;
				ENABLE_STRICT_OBJC_MSGSEND = YES;
				ENABLE_USER_SCRIPT_SANDBOXING = YES;
				GCC_C_LANGUAGE_STANDARD = gnu17;
				GCC_NO_COMMON_BLOCKS = YES;
				IPHONEOS_DEPLOYMENT_TARGET = 26.4;
				MTL_ENABLE_DEBUG_INFO = NO;
				MTL_FAST_MATH = YES;
				SDKROOT = iphoneos;
				SWIFT_COMPILATION_MODE = wholemodule;
				SWIFT_VERSION = 5.0;
				VALIDATE_PRODUCT = YES;
			};
			name = Release;
		};
		ABCDEF0123456789ABCD0014 /* Debug */ = {
			isa = XCBuildConfiguration;
			buildSettings = {
				ASSETCATALOG_COMPILER_APPICON_NAME = AppIcon;
				CODE_SIGN_ENTITLEMENTS = Astra/Astra.entitlements;
				ASSETCATALOG_COMPILER_GLOBAL_ACCENT_COLOR_NAME = AccentColor;
				CODE_SIGN_STYLE = Automatic;
				CURRENT_PROJECT_VERSION = 1;
				DEVELOPMENT_TEAM = 4U2M65374F;
				ENABLE_PREVIEWS = YES;
				GENERATE_INFOPLIST_FILE = YES;
				INFOPLIST_KEY_CFBundleDisplayName = Astra;
				INFOPLIST_KEY_UIApplicationSceneManifest_Generation = YES;
				INFOPLIST_KEY_UIApplicationSupportsIndirectInputEvents = YES;
				INFOPLIST_KEY_UILaunchStoryboardName = LaunchScreen;
				INFOPLIST_KEY_UISupportedInterfaceOrientations = UIInterfaceOrientationPortrait;
				LD_RUNPATH_SEARCH_PATHS = (
					"$(inherited)",
					"@executable_path/Frameworks",
				);
				MARKETING_VERSION = 0.1;
				PRODUCT_BUNDLE_IDENTIFIER = com.hanryli.Astra;
				PRODUCT_NAME = "$(TARGET_NAME)";
				SWIFT_EMIT_LOC_STRINGS = YES;
				TARGETED_DEVICE_FAMILY = 1;
			};
			name = Debug;
		};
		ABCDEF0123456789ABCD0015 /* Release */ = {
			isa = XCBuildConfiguration;
			buildSettings = {
				ASSETCATALOG_COMPILER_APPICON_NAME = AppIcon;
				CODE_SIGN_ENTITLEMENTS = Astra/Astra.entitlements;
				ASSETCATALOG_COMPILER_GLOBAL_ACCENT_COLOR_NAME = AccentColor;
				CODE_SIGN_STYLE = Automatic;
				CURRENT_PROJECT_VERSION = 1;
				DEVELOPMENT_TEAM = 4U2M65374F;
				ENABLE_PREVIEWS = YES;
				GENERATE_INFOPLIST_FILE = YES;
				INFOPLIST_KEY_CFBundleDisplayName = Astra;
				INFOPLIST_KEY_UIApplicationSceneManifest_Generation = YES;
				INFOPLIST_KEY_UIApplicationSupportsIndirectInputEvents = YES;
				INFOPLIST_KEY_UILaunchStoryboardName = LaunchScreen;
				INFOPLIST_KEY_UISupportedInterfaceOrientations = UIInterfaceOrientationPortrait;
				LD_RUNPATH_SEARCH_PATHS = (
					"$(inherited)",
					"@executable_path/Frameworks",
				);
				MARKETING_VERSION = 0.1;
				PRODUCT_BUNDLE_IDENTIFIER = com.hanryli.Astra;
				PRODUCT_NAME = "$(TARGET_NAME)";
				SWIFT_EMIT_LOC_STRINGS = YES;
				TARGETED_DEVICE_FAMILY = 1;
			};
			name = Release;
		};
		ABCDEF0123456789ABCD0017 /* Debug */ = {
			isa = XCBuildConfiguration;
			buildSettings = {
				BUNDLE_LOADER = "$(TEST_HOST)";
				CODE_SIGN_STYLE = Automatic;
				CURRENT_PROJECT_VERSION = 1;
				DEVELOPMENT_TEAM = 4U2M65374F;
				GENERATE_INFOPLIST_FILE = YES;
				MARKETING_VERSION = 0.1;
				PRODUCT_BUNDLE_IDENTIFIER = com.hanryli.AstraTests;
				PRODUCT_NAME = "$(TARGET_NAME)";
				SWIFT_EMIT_LOC_STRINGS = NO;
				TARGETED_DEVICE_FAMILY = 1;
				TEST_HOST = "$(BUILT_PRODUCTS_DIR)/Astra.app/$(BUNDLE_EXECUTABLE_FOLDER_PATH)/Astra";
			};
			name = Debug;
		};
		ABCDEF0123456789ABCD0018 /* Release */ = {
			isa = XCBuildConfiguration;
			buildSettings = {
				BUNDLE_LOADER = "$(TEST_HOST)";
				CODE_SIGN_STYLE = Automatic;
				CURRENT_PROJECT_VERSION = 1;
				DEVELOPMENT_TEAM = 4U2M65374F;
				GENERATE_INFOPLIST_FILE = YES;
				MARKETING_VERSION = 0.1;
				PRODUCT_BUNDLE_IDENTIFIER = com.hanryli.AstraTests;
				PRODUCT_NAME = "$(TARGET_NAME)";
				SWIFT_EMIT_LOC_STRINGS = NO;
				TARGETED_DEVICE_FAMILY = 1;
				TEST_HOST = "$(BUILT_PRODUCTS_DIR)/Astra.app/$(BUNDLE_EXECUTABLE_FOLDER_PATH)/Astra";
			};
			name = Release;
		};
		ABCDEF0123456789ABCD0028 /* Debug */ = {
			isa = XCBuildConfiguration;
			buildSettings = {
				ASSETCATALOG_COMPILER_GLOBAL_ACCENT_COLOR_NAME = AccentColor;
				CODE_SIGN_ENTITLEMENTS = AstraWidget/AstraWidget.entitlements;
				CODE_SIGN_STYLE = Automatic;
				CURRENT_PROJECT_VERSION = 1;
				DEVELOPMENT_TEAM = 4U2M65374F;
				GENERATE_INFOPLIST_FILE = YES;
				INFOPLIST_FILE = "AstraWidget-Info.plist";
				INFOPLIST_KEY_CFBundleDisplayName = Astra;
				INFOPLIST_KEY_NSHumanReadableCopyright = "";
				LD_RUNPATH_SEARCH_PATHS = (
					"$(inherited)",
					"@executable_path/Frameworks",
					"@executable_path/../../Frameworks",
				);
				MARKETING_VERSION = 0.1;
				PRODUCT_BUNDLE_IDENTIFIER = com.hanryli.Astra.AstraWidget;
				PRODUCT_NAME = "$(TARGET_NAME)";
				SKIP_INSTALL = YES;
				SWIFT_EMIT_LOC_STRINGS = YES;
				TARGETED_DEVICE_FAMILY = 1;
			};
			name = Debug;
		};
		ABCDEF0123456789ABCD0029 /* Release */ = {
			isa = XCBuildConfiguration;
			buildSettings = {
				ASSETCATALOG_COMPILER_GLOBAL_ACCENT_COLOR_NAME = AccentColor;
				CODE_SIGN_ENTITLEMENTS = AstraWidget/AstraWidget.entitlements;
				CODE_SIGN_STYLE = Automatic;
				CURRENT_PROJECT_VERSION = 1;
				DEVELOPMENT_TEAM = 4U2M65374F;
				GENERATE_INFOPLIST_FILE = YES;
				INFOPLIST_FILE = "AstraWidget-Info.plist";
				INFOPLIST_KEY_CFBundleDisplayName = Astra;
				INFOPLIST_KEY_NSHumanReadableCopyright = "";
				LD_RUNPATH_SEARCH_PATHS = (
					"$(inherited)",
					"@executable_path/Frameworks",
					"@executable_path/../../Frameworks",
				);
				MARKETING_VERSION = 0.1;
				PRODUCT_BUNDLE_IDENTIFIER = com.hanryli.Astra.AstraWidget;
				PRODUCT_NAME = "$(TARGET_NAME)";
				SKIP_INSTALL = YES;
				SWIFT_EMIT_LOC_STRINGS = YES;
				TARGETED_DEVICE_FAMILY = 1;
			};
			name = Release;
		};
/* End XCBuildConfiguration section */

/* Begin XCConfigurationList section */
		ABCDEF0123456789ABCD0010 /* Build configuration list for PBXProject "Astra" */ = {
			isa = XCConfigurationList;
			buildConfigurations = (
				ABCDEF0123456789ABCD0011 /* Debug */,
				ABCDEF0123456789ABCD0012 /* Release */,
			);
			defaultConfigurationIsVisible = 0;
			defaultConfigurationName = Release;
		};
		ABCDEF0123456789ABCD0013 /* Build configuration list for PBXNativeTarget "Astra" */ = {
			isa = XCConfigurationList;
			buildConfigurations = (
				ABCDEF0123456789ABCD0014 /* Debug */,
				ABCDEF0123456789ABCD0015 /* Release */,
			);
			defaultConfigurationIsVisible = 0;
			defaultConfigurationName = Release;
		};
		ABCDEF0123456789ABCD0016 /* Build configuration list for PBXNativeTarget "AstraTests" */ = {
			isa = XCConfigurationList;
			buildConfigurations = (
				ABCDEF0123456789ABCD0017 /* Debug */,
				ABCDEF0123456789ABCD0018 /* Release */,
			);
			defaultConfigurationIsVisible = 0;
			defaultConfigurationName = Release;
		};
		ABCDEF0123456789ABCD0027 /* Build configuration list for PBXNativeTarget "AstraWidget" */ = {
			isa = XCConfigurationList;
			buildConfigurations = (
				ABCDEF0123456789ABCD0028 /* Debug */,
				ABCDEF0123456789ABCD0029 /* Release */,
			);
			defaultConfigurationIsVisible = 0;
			defaultConfigurationName = Release;
		};
/* End XCConfigurationList section */
	};
	rootObject = ABCDEF0123456789ABCD0001 /* Project object */;
}
